{
    "_readme": [
        "This file locks the dependencies of your project to a known state",
        "Read more about it at https://getcomposer.org/doc/01-basic-usage.md#composer-lock-the-lock-file",
        "This file is @generated automatically"
    ],
    "content-hash": "7c9613acee48bd6a7ad66a90a61fabb7",
    "packages": [
        {
            "name": "justinrainbow/json-schema",
            "version": "4.1.0",
            "source": {
                "type": "git",
                "url": "https://github.com/justinrainbow/json-schema.git",
                "reference": "d39c56a46b3ebe1f3696479966cd2b9f50aaa24f"
            },
            "dist": {
                "type": "zip",
                "url": "https://api.github.com/repos/justinrainbow/json-schema/zipball/d39c56a46b3ebe1f3696479966cd2b9f50aaa24f",
                "reference": "d39c56a46b3ebe1f3696479966cd2b9f50aaa24f",
                "shasum": ""
            },
            "require": {
                "php": ">=5.3.3"
            },
            "require-dev": {
                "json-schema/json-schema-test-suite": "1.2.0",
                "phpdocumentor/phpdocumentor": "~2",
                "phpunit/phpunit": "^4.8.22"
            },
            "bin": [
                "bin/validate-json"
            ],
            "type": "library",
            "extra": {
                "branch-alias": {
                    "dev-master": "4.0.x-dev"
                }
            },
            "autoload": {
                "psr-4": {
                    "JsonSchema\\": "src/JsonSchema/"
                }
            },
            "notification-url": "https://packagist.org/downloads/",
            "license": [
                "MIT"
            ],
            "authors": [
                {
                    "name": "Bruno Prieto Reis",
                    "email": "bruno.p.reis@gmail.com"
                },
                {
                    "name": "Justin Rainbow",
                    "email": "justin.rainbow@gmail.com"
                },
                {
                    "name": "Igor Wiedler",
                    "email": "igor@wiedler.ch"
                },
                {
                    "name": "Robert Schönthal",
                    "email": "seroscho@googlemail.com"
                }
            ],
            "description": "A library to validate a json schema.",
            "homepage": "https://github.com/justinrainbow/json-schema",
            "keywords": [
                "json",
                "schema"
            ],
            "time": "2016-12-22T16:43:46+00:00"
        },
        {
            "name": "kherge/file-manager",
            "version": "2.6.0",
            "source": {
                "type": "git",
                "url": "https://github.com/kherge-php/file-manager.git",
                "reference": "3b2df67e2f9ed91142015e83ed7f97fa55d830b5"
            },
            "dist": {
                "type": "zip",
                "url": "https://api.github.com/repos/kherge-php/file-manager/zipball/3b2df67e2f9ed91142015e83ed7f97fa55d830b5",
                "reference": "3b2df67e2f9ed91142015e83ed7f97fa55d830b5",
                "shasum": ""
            },
            "require": {
                "php": ">=5.6"
            },
            "type": "library",
            "extra": {
                "branch-alias": {
                    "dev-master": "2.x-dev"
                }
            },
            "autoload": {
                "files": [
                    "src/KHerGe/File/functions.php"
                ],
                "psr-4": {
                    "KHerGe\\File\\": "src/KHerGe/File"
                }
            },
            "notification-url": "https://packagist.org/downloads/",
            "license": [
                "MIT",
                "Apache-2.0"
            ],
            "authors": [
                {
                    "name": "Kevin Herrera",
                    "email": "kevin@herrera.io",
                    "homepage": "http://kevin.herrera.io/",
                    "role": "Developer"
                }
            ],
            "description": "Manages strict read and write operations.",
            "keywords": [
                "file",
                "io",
                "read",
                "write"
            ],
            "time": "2016-12-20T22:15:41+00:00"
        },
        {
            "name": "kherge/json",
            "version": "2.0.0",
            "source": {
                "type": "git",
                "url": "https://github.com/kherge-php/json.git",
                "reference": "0d18d33c9719435e117886ea9bb2bb2a4cfea0a8"
            },
            "dist": {
                "type": "zip",
                "url": "https://api.github.com/repos/kherge-php/json/zipball/0d18d33c9719435e117886ea9bb2bb2a4cfea0a8",
                "reference": "0d18d33c9719435e117886ea9bb2bb2a4cfea0a8",
                "shasum": ""
            },
            "require": {
                "ext-json": "*",
                "justinrainbow/json-schema": "^4.1",
                "kherge/file-manager": "^2.6",
                "php": ">=5.6",
                "seld/jsonlint": "^1.5"
            },
            "type": "library",
            "extra": {
                "branch-alias": {
                    "dev-master": "2.x-dev"
                }
            },
            "autoload": {
                "psr-4": {
                    "KHerGe\\JSON\\": "src/KHerGe/JSON"
                }
            },
            "notification-url": "https://packagist.org/downloads/",
            "license": [
                "MIT",
                "Apache-2.0"
            ],
            "authors": [
                {
                    "name": "Kevin Herrera",
                    "email": "kevin@herrera.io",
                    "homepage": "http://kevin.herrera.io/",
                    "role": "Developer"
                }
            ],
            "description": "Encodes, decodes, and validates JSON data.",
            "keywords": [
                "decode",
                "encode",
                "json",
                "validate"
            ],
            "time": "2017-01-12T23:24:42+00:00"
        },
        {
            "name": "seld/jsonlint",
            "version": "1.6.0",
            "source": {
                "type": "git",
                "url": "https://github.com/Seldaek/jsonlint.git",
                "reference": "791f8c594f300d246cdf01c6b3e1e19611e301d8"
            },
            "dist": {
                "type": "zip",
                "url": "https://api.github.com/repos/Seldaek/jsonlint/zipball/791f8c594f300d246cdf01c6b3e1e19611e301d8",
                "reference": "791f8c594f300d246cdf01c6b3e1e19611e301d8",
                "shasum": ""
            },
            "require": {
                "php": "^5.3 || ^7.0"
            },
            "require-dev": {
                "phpunit/phpunit": "^4.5"
            },
            "bin": [
                "bin/jsonlint"
            ],
            "type": "library",
            "autoload": {
                "psr-4": {
                    "Seld\\JsonLint\\": "src/Seld/JsonLint/"
                }
            },
            "notification-url": "https://packagist.org/downloads/",
            "license": [
                "MIT"
            ],
            "authors": [
                {
                    "name": "Jordi Boggiano",
                    "email": "j.boggiano@seld.be",
                    "homepage": "http://seld.be"
                }
            ],
            "description": "JSON Linter",
            "keywords": [
                "json",
                "linter",
                "parser",
                "validator"
            ],
            "time": "2017-03-06T16:42:24+00:00"
        },
        {
            "name": "simplon/mysql",
            "version": "2.1.7",
            "source": {
                "type": "git",
                "url": "https://github.com/fightbulc/simplon_mysql.git",
                "reference": "5d33b0374dd6b543735648172aa3d383bf94f0d4"
            },
            "dist": {
                "type": "zip",
                "url": "https://api.github.com/repos/fightbulc/simplon_mysql/zipball/5d33b0374dd6b543735648172aa3d383bf94f0d4",
                "reference": "5d33b0374dd6b543735648172aa3d383bf94f0d4",
                "shasum": ""
            },
            "require": {
                "ext-pdo": "*",
                "php": ">=5.4"
            },
            "type": "library",
            "autoload": {
                "psr-4": {
                    "Simplon\\Mysql\\": "src/",
                    "Test\\": "test/"
                }
            },
            "notification-url": "https://packagist.org/downloads/",
            "license": [
                "MIT"
            ],
            "authors": [
                {
                    "name": "Tino Ehrich",
                    "email": "tino@bigpun.me",
                    "role": "developer"
                }
            ],
            "description": "Simplon MySQL Library",
            "homepage": "https://github.com/fightbulc/simplon_mysql",
            "keywords": [
                "db",
                "manager",
                "mysql",
                "pdo"
            ],
            "time": "2017-04-24T08:15:00+00:00"
        }
    ],
    "packages-dev": [],
    "aliases": [],
    "minimum-stability": "stable",
    "stability-flags": [],
    "prefer-stable": false,
    "prefer-lowest": false,
    "platform": [],
    "platform-dev": []
}
